
Microsoft Visual Studio Solution File, Format Version 12.00
# Visual Studio Version 16
Project("{2150E333-8FDC-42A3-9474-1A3956D46DE8}") = "src", "src", "{3725B600-0D92-442D-B3A1-BD8F3A455841}"
EndProject
Project("{2150E333-8FDC-42A3-9474-1A3956D46DE8}") = "Kernel", "Kernel", "{C3867A64-89AD-4696-9112-CE8B10FE9909}"
EndProject
Project("{FAE04EC0-301F-11D3-BF4B-00C04F79EFBC}") = "AgentFramework.Kernel", "src\AgentFramework.Kernel\AgentFramework.Kernel.csproj", "{EC270899-1DC8-4630-A415-F25B8D4ECF8F}"
EndProject
Project("{2150E333-8FDC-42A3-9474-1A3956D46DE8}") = "Extras", "Extras", "{A4542C76-1924-4B07-8DCF-82E0189C7C0F}"
EndProject
Project("{2150E333-8FDC-42A3-9474-1A3956D46DE8}") = "Policies", "Policies", "{0CCC9E76-76FD-47D1-8938-F97DD28C2961}"
EndProject
Project("{FAE04EC0-301F-11D3-BF4B-00C04F79EFBC}") = "AgentFramework.Extras.Policies", "src\AgentFramework.Extras\AgentFramework.Extras.Policies\AgentFramework.Extras.Policies.csproj", "{EF7ECA08-94AD-4EBC-A858-F126F78B93E0}"
EndProject
Project("{2150E333-8FDC-42A3-9474-1A3956D46DE8}") = "Adapters", "Adapters", "{0C02F7CA-2C90-4513-BFA2-385E33511DB0}"
EndProject
Project("{FAE04EC0-301F-11D3-BF4B-00C04F79EFBC}") = "AgentFramework.Extras.Adapters.OpenAI", "src\AgentFramework.Extras\AgentFramework.Extras.Adapters.OpenAI\AgentFramework.Extras.Adapters.OpenAI.csproj", "{F9AC3BB3-FF8C-48EC-81F0-52C5E0D1D40D}"
EndProject
Project("{2150E333-8FDC-42A3-9474-1A3956D46DE8}") = "Tools", "Tools", "{C4E9A6E7-F437-42D7-8631-3AE72292DCBC}"
EndProject
Project("{FAE04EC0-301F-11D3-BF4B-00C04F79EFBC}") = "AgentFramework.Extras.Tools.Files", "src\AgentFramework.Extras\AgentFramework.Extras.Tools.Files\AgentFramework.Extras.Tools.Files.csproj", "{9EE2261F-EB92-4CBB-8D5F-CF580E7003C4}"
EndProject
Project("{2150E333-8FDC-42A3-9474-1A3956D46DE8}") = "tests", "tests", "{BD1D0584-C612-4CB4-BA48-ABF403BA8FB4}"
EndProject
Project("{FAE04EC0-301F-11D3-BF4B-00C04F79EFBC}") = "AgentFramework.Kernel.Tests", "tests\AgentFramework.Kernel.Tests\AgentFramework.Kernel.Tests.csproj", "{2F43EBF3-7039-4EF3-A29E-D129A6278C06}"
EndProject
Project("{FAE04EC0-301F-11D3-BF4B-00C04F79EFBC}") = "AgentFramework.Extras.Adapters.OpenAI.Tests", "tests\AgentFramework.Extras.Adapters.OpenAI.Tests\AgentFramework.Extras.Adapters.OpenAI.Tests.csproj", "{594AC5AA-2A3B-4D6C-87AF-F40E28963348}"
EndProject
Project("{FAE04EC0-301F-11D3-BF4B-00C04F79EFBC}") = "AgentFramework.Extras.Tools.Files.Tests", "tests\AgentFramework.Extras.Tools.Files.Tests\AgentFramework.Extras.Tools.Files.Tests.csproj", "{75AE526B-BE3B-4CC5-9E31-14E5E3B46ADE}"
EndProject
Project("{2150E333-8FDC-42A3-9474-1A3956D46DE8}") = "samples", "samples", "{2674107B-CE5A-45AD-A27C-E841ABF80EDB}"
EndProject
Project("{FAE04EC0-301F-11D3-BF4B-00C04F79EFBC}") = "HelloWorld.Console", "samples\HelloWorld.Console\HelloWorld.Console.csproj", "{7E37A2E2-72A1-4BF1-827C-77D2CDBF8A51}"
EndProject
Project("{FAE04EC0-301F-11D3-BF4B-00C04F79EFBC}") = "AgentFramework.Extras.Policies.Tests", "tests\AgentFramework.Extras.Policies.Tests\AgentFramework.Extras.Policies.Tests.csproj", "{41AB64F3-FABD-42ED-99D6-E4CE8D3E57D1}"
EndProject
Project("{FAE04EC0-301F-11D3-BF4B-00C04F79EFBC}") = "AgentFramework.Extras.Adapters.Abstractions", "src\AgentFramework.Extras\AgentFramework.Extras.Adapters.Abstractions\AgentFramework.Extras.Adapters.Abstractions.csproj", "{C95C7191-1F1C-4C54-9BDF-0007555E6BCA}"
EndProject
Global
	GlobalSection(SolutionConfigurationPlatforms) = preSolution
		Debug|Any CPU = Debug|Any CPU
		Release|Any CPU = Release|Any CPU
	EndGlobalSection
	GlobalSection(ProjectConfigurationPlatforms) = postSolution
		{EC270899-1DC8-4630-A415-F25B8D4ECF8F}.Debug|Any CPU.ActiveCfg = Debug|Any CPU
		{EC270899-1DC8-4630-A415-F25B8D4ECF8F}.Debug|Any CPU.Build.0 = Debug|Any CPU
		{EC270899-1DC8-4630-A415-F25B8D4ECF8F}.Release|Any CPU.ActiveCfg = Release|Any CPU
		{EC270899-1DC8-4630-A415-F25B8D4ECF8F}.Release|Any CPU.Build.0 = Release|Any CPU
		{EF7ECA08-94AD-4EBC-A858-F126F78B93E0}.Debug|Any CPU.ActiveCfg = Debug|Any CPU
		{EF7ECA08-94AD-4EBC-A858-F126F78B93E0}.Debug|Any CPU.Build.0 = Debug|Any CPU
		{EF7ECA08-94AD-4EBC-A858-F126F78B93E0}.Release|Any CPU.ActiveCfg = Release|Any CPU
		{EF7ECA08-94AD-4EBC-A858-F126F78B93E0}.Release|Any CPU.Build.0 = Release|Any CPU
		{F9AC3BB3-FF8C-48EC-81F0-52C5E0D1D40D}.Debug|Any CPU.ActiveCfg = Debug|Any CPU
		{F9AC3BB3-FF8C-48EC-81F0-52C5E0D1D40D}.Debug|Any CPU.Build.0 = Debug|Any CPU
		{F9AC3BB3-FF8C-48EC-81F0-52C5E0D1D40D}.Release|Any CPU.ActiveCfg = Release|Any CPU
		{F9AC3BB3-FF8C-48EC-81F0-52C5E0D1D40D}.Release|Any CPU.Build.0 = Release|Any CPU
		{9EE2261F-EB92-4CBB-8D5F-CF580E7003C4}.Debug|Any CPU.ActiveCfg = Debug|Any CPU
		{9EE2261F-EB92-4CBB-8D5F-CF580E7003C4}.Debug|Any CPU.Build.0 = Debug|Any CPU
		{9EE2261F-EB92-4CBB-8D5F-CF580E7003C4}.Release|Any CPU.ActiveCfg = Release|Any CPU
		{9EE2261F-EB92-4CBB-8D5F-CF580E7003C4}.Release|Any CPU.Build.0 = Release|Any CPU
		{2F43EBF3-7039-4EF3-A29E-D129A6278C06}.Debug|Any CPU.ActiveCfg = Debug|Any CPU
		{2F43EBF3-7039-4EF3-A29E-D129A6278C06}.Debug|Any CPU.Build.0 = Debug|Any CPU
		{2F43EBF3-7039-4EF3-A29E-D129A6278C06}.Release|Any CPU.ActiveCfg = Release|Any CPU
		{2F43EBF3-7039-4EF3-A29E-D129A6278C06}.Release|Any CPU.Build.0 = Release|Any CPU
		{594AC5AA-2A3B-4D6C-87AF-F40E28963348}.Debug|Any CPU.ActiveCfg = Debug|Any CPU
		{594AC5AA-2A3B-4D6C-87AF-F40E28963348}.Debug|Any CPU.Build.0 = Debug|Any CPU
		{594AC5AA-2A3B-4D6C-87AF-F40E28963348}.Release|Any CPU.ActiveCfg = Release|Any CPU
		{594AC5AA-2A3B-4D6C-87AF-F40E28963348}.Release|Any CPU.Build.0 = Release|Any CPU
		{75AE526B-BE3B-4CC5-9E31-14E5E3B46ADE}.Debug|Any CPU.ActiveCfg = Debug|Any CPU
		{75AE526B-BE3B-4CC5-9E31-14E5E3B46ADE}.Debug|Any CPU.Build.0 = Debug|Any CPU
		{75AE526B-BE3B-4CC5-9E31-14E5E3B46ADE}.Release|Any CPU.ActiveCfg = Release|Any CPU
		{75AE526B-BE3B-4CC5-9E31-14E5E3B46ADE}.Release|Any CPU.Build.0 = Release|Any CPU
		{7E37A2E2-72A1-4BF1-827C-77D2CDBF8A51}.Debug|Any CPU.ActiveCfg = Debug|Any CPU
		{7E37A2E2-72A1-4BF1-827C-77D2CDBF8A51}.Debug|Any CPU.Build.0 = Debug|Any CPU
		{7E37A2E2-72A1-4BF1-827C-77D2CDBF8A51}.Release|Any CPU.ActiveCfg = Release|Any CPU
		{7E37A2E2-72A1-4BF1-827C-77D2CDBF8A51}.Release|Any CPU.Build.0 = Release|Any CPU
		{41AB64F3-FABD-42ED-99D6-E4CE8D3E57D1}.Debug|Any CPU.ActiveCfg = Debug|Any CPU
		{41AB64F3-FABD-42ED-99D6-E4CE8D3E57D1}.Debug|Any CPU.Build.0 = Debug|Any CPU
		{41AB64F3-FABD-42ED-99D6-E4CE8D3E57D1}.Release|Any CPU.ActiveCfg = Release|Any CPU
		{41AB64F3-FABD-42ED-99D6-E4CE8D3E57D1}.Release|Any CPU.Build.0 = Release|Any CPU
		{C95C7191-1F1C-4C54-9BDF-0007555E6BCA}.Debug|Any CPU.ActiveCfg = Debug|Any CPU
		{C95C7191-1F1C-4C54-9BDF-0007555E6BCA}.Debug|Any CPU.Build.0 = Debug|Any CPU
		{C95C7191-1F1C-4C54-9BDF-0007555E6BCA}.Release|Any CPU.ActiveCfg = Release|Any CPU
		{C95C7191-1F1C-4C54-9BDF-0007555E6BCA}.Release|Any CPU.Build.0 = Release|Any CPU
	EndGlobalSection
	GlobalSection(NestedProjects) = preSolution
		{C3867A64-89AD-4696-9112-CE8B10FE9909} = {3725B600-0D92-442D-B3A1-BD8F3A455841}
		{EC270899-1DC8-4630-A415-F25B8D4ECF8F} = {C3867A64-89AD-4696-9112-CE8B10FE9909}
		{A4542C76-1924-4B07-8DCF-82E0189C7C0F} = {3725B600-0D92-442D-B3A1-BD8F3A455841}
		{0CCC9E76-76FD-47D1-8938-F97DD28C2961} = {A4542C76-1924-4B07-8DCF-82E0189C7C0F}
		{EF7ECA08-94AD-4EBC-A858-F126F78B93E0} = {0CCC9E76-76FD-47D1-8938-F97DD28C2961}
		{0C02F7CA-2C90-4513-BFA2-385E33511DB0} = {A4542C76-1924-4B07-8DCF-82E0189C7C0F}
		{F9AC3BB3-FF8C-48EC-81F0-52C5E0D1D40D} = {0C02F7CA-2C90-4513-BFA2-385E33511DB0}
		{C4E9A6E7-F437-42D7-8631-3AE72292DCBC} = {A4542C76-1924-4B07-8DCF-82E0189C7C0F}
		{9EE2261F-EB92-4CBB-8D5F-CF580E7003C4} = {C4E9A6E7-F437-42D7-8631-3AE72292DCBC}
		{2F43EBF3-7039-4EF3-A29E-D129A6278C06} = {BD1D0584-C612-4CB4-BA48-ABF403BA8FB4}
		{594AC5AA-2A3B-4D6C-87AF-F40E28963348} = {BD1D0584-C612-4CB4-BA48-ABF403BA8FB4}
		{75AE526B-BE3B-4CC5-9E31-14E5E3B46ADE} = {BD1D0584-C612-4CB4-BA48-ABF403BA8FB4}
		{7E37A2E2-72A1-4BF1-827C-77D2CDBF8A51} = {2674107B-CE5A-45AD-A27C-E841ABF80EDB}
		{41AB64F3-FABD-42ED-99D6-E4CE8D3E57D1} = {BD1D0584-C612-4CB4-BA48-ABF403BA8FB4}
		{C95C7191-1F1C-4C54-9BDF-0007555E6BCA} = {0C02F7CA-2C90-4513-BFA2-385E33511DB0}
	EndGlobalSection
EndGlobal
